// !$*UTF8*$!
{
	archiveVersion = 1;
	classes = {
	};
	objectVersion = 50;
	objects = {

/* Begin PBXBuildFile section */
		9850134021F3DF9B00CC05CB /* AppDelegate.swift in Sources */ = {isa = PBXBuildFile; fileRef = 9850133F21F3DF9B00CC05CB /* AppDelegate.swift */; };
		9850134221F3DF9B00CC05CB /* ViewController.swift in Sources */ = {isa = PBXBuildFile; fileRef = 9850134121F3DF9B00CC05CB /* ViewController.swift */; };
		9850134521F3DF9B00CC05CB /* Main.storyboard in Resources */ = {isa = PBXBuildFile; fileRef = 9850134321F3DF9B00CC05CB /* Main.storyboard */; };
		9850134721F3DFA100CC05CB /* Assets.xcassets in Resources */ = {isa = PBXBuildFile; fileRef = 9850134621F3DFA100CC05CB /* Assets.xcassets */; };
		9850134A21F3DFA100CC05CB /* LaunchScreen.storyboard in Resources */ = {isa = PBXBuildFile; fileRef = 9850134821F3DFA100CC05CB /* LaunchScreen.storyboard */; };
		9850135521F3DFA200CC05CB /* TippedTests.swift in Sources */ = {isa = PBXBuildFile; fileRef = 9850135421F3DFA200CC05CB /* TippedTests.swift */; };
		9850136021F3DFA200CC05CB /* TippedUITests.swift in Sources */ = {isa = PBXBuildFile; fileRef = 9850135F21F3DFA200CC05CB /* TippedUITests.swift */; };
/* End PBXBuildFile section */

/* Begin PBXContainerItemProxy section */
		9850135121F3DFA200CC05CB /* PBXContainerItemProxy */ = {
			isa = PBXContainerItemProxy;
			containerPortal = 9850133421F3DF9B00CC05CB /* Project object */;
			proxyType = 1;
			remoteGlobalIDString = 9850133B21F3DF9B00CC05CB;
			remoteInfo = Tipped;
		};
		9850135C21F3DFA200CC05CB /* PBXContainerItemProxy */ = {
			isa = PBXContainerItemProxy;
			containerPortal = 9850133421F3DF9B00CC05CB /* Project object */;
			proxyType = 1;
			remoteGlobalIDString = 9850133B21F3DF9B00CC05CB;
			remoteInfo = Tipped;
		};
/* End PBXContainerItemProxy section */

/* Begin PBXFileReference section */
		9850133C21F3DF9B00CC05CB /* Tipped.app */ = {isa = PBXFileReference; explicitFileType = wrapper.application; includeInIndex = 0; path = Tipped.app; sourceTree = BUILT_PRODUCTS_DIR; };
		9850133F21F3DF9B00CC05CB /* AppDelegate.swift */ = {isa = PBXFileReference; lastKnownFileType = sourcecode.swift; path = AppDelegate.swift; sourceTree = "<group>"; };
		9850134121F3DF9B00CC05CB /* ViewController.swift */ = {isa = PBXFileReference; lastKnownFileType = sourcecode.swift; path = ViewController.swift; sourceTree = "<group>"; };
		9850134421F3DF9B00CC05CB /* Base */ = {isa = PBXFileReference; lastKnownFileType = file.storyboard; name = Base; path = Base.lproj/Main.storyboard; sourceTree = "<group>"; };
		9850134621F3DFA100CC05CB /* Assets.xcassets */ = {isa = PBXFileReference; lastKnownFileType = folder.assetcatalog; path = Assets.xcassets; sourceTree = "<group>"; };
		9850134921F3DFA100CC05CB /* Base */ = {isa = PBXFileReference; lastKnownFileType = file.storyboard; name = Base; path = Base.lproj/LaunchScreen.storyboard; sourceTree = "<group>"; };
		9850134B21F3DFA100CC05CB /* Info.plist */ = {isa = PBXFileReference; lastKnownFileType = text.plist.xml; path = Info.plist; sourceTree = "<group>"; };
		9850135021F3DFA200CC05CB /* TippedTests.xctest */ = {isa = PBXFileReference; explicitFileType = wrapper.cfbundle; includeInIndex = 0; path = TippedTests.xctest; sourceTree = BUILT_PRODUCTS_DIR; };
		9850135421F3DFA200CC05CB /* TippedTests.swift */ = {isa = PBXFileReference; lastKnownFileType = sourcecode.swift; path = TippedTests.swift; sourceTree = "<group>"; };
		9850135621F3DFA200CC05CB /* Info.plist */ = {isa = PBXFileReference; lastKnownFileType = text.plist.xml; path = Info.plist; sourceTree = "<group>"; };
		9850135B21F3DFA200CC05CB /* TippedUITests.xctest */ = {isa = PBXFileReference; explicitFileType = wrapper.cfbundle; includeInIndex = 0; path = TippedUITests.xctest; sourceTree = BUILT_PRODUCTS_DIR; };
		9850135F21F3DFA200CC05CB /* TippedUITests.swift */ = {isa = PBXFileReference; lastKnownFileType = sourcecode.swift; path = TippedUITests.swift; sourceTree = "<group>"; };
		9850136121F3DFA200CC05CB /* Info.plist */ = {isa = PBXFileReference; lastKnownFileType = text.plist.xml; path = Info.plist; sourceTree = "<group>"; };
/* End PBXFileReference section */

/* Begin PBXFrameworksBuildPhase section */
		9850133921F3DF9B00CC05CB /* Frameworks */ = {
			isa = PBXFrameworksBuildPhase;
			buildActionMask = 2147483647;
			files = (
			);
			runOnlyForDeploymentPostprocessing = 0;
		};
		9850134D21F3DFA200CC05CB /* Frameworks */ = {
			isa = PBXFrameworksBuildPhase;
			buildActionMask = 2147483647;
			files = (
			);
			runOnlyForDeploymentPostprocessing = 0;
		};
		9850135821F3DFA200CC05CB /* Frameworks */ = {
			isa = PBXFrameworksBuildPhase;
			buildActionMask = 2147483647;
			files = (
			);
			runOnlyForDeploymentPostprocessing = 0;
		};
/* End PBXFrameworksBuildPhase section */

/* Begin PBXGroup section */
		9850133321F3DF9B00CC05CB = {
			isa = PBXGroup;
			children = (
				9850133E21F3DF9B00CC05CB /* Tipped */,
				9850135321F3DFA200CC05CB /* TippedTests */,
				9850135E21F3DFA200CC05CB /* TippedUITests */,
				9850133D21F3DF9B00CC05CB /* Products */,
			);
			sourceTree = "<group>";
		};
		9850133D21F3DF9B00CC05CB /* Products */ = {
			isa = PBXGroup;
			children = (
				9850133C21F3DF9B00CC05CB /* Tipped.app */,
				9850135021F3DFA200CC05CB /* TippedTests.xctest */,
				9850135B21F3DFA200CC05CB /* TippedUITests.xctest */,
			);
			name = Products;
			sourceTree = "<group>";
		};
		9850133E21F3DF9B00CC05CB /* Tipped */ = {
			isa = PBXGroup;
			children = (
				9850133F21F3DF9B00CC05CB /* AppDelegate.swift */,
				9850134121F3DF9B00CC05CB /* ViewController.swift */,
				9850134321F3DF9B00CC05CB /* Main.storyboard */,
				9850134621F3DFA100CC05CB /* Assets.xcassets */,
				9850134821F3DFA100CC05CB /* LaunchScreen.storyboard */,
				9850134B21F3DFA100CC05CB /* Info.plist */,
			);
			path = Tipped;
			sourceTree = "<group>";
		};
		9850135321F3DFA200CC05CB /* TippedTests */ = {
			isa = PBXGroup;
			children = (
				9850135421F3DFA200CC05CB /* TippedTests.swift */,
				9850135621F3DFA200CC05CB /* Info.plist */,
			);
			path = TippedTests;
			sourceTree = "<group>";
		};
		9850135E21F3DFA200CC05CB /* TippedUITests */ = {
			isa = PBXGroup;
			children = (
				9850135F21F3DFA200CC05CB /* TippedUITests.swift */,
				9850136121F3DFA200CC05CB /* Info.plist */,
			);
			path = TippedUITests;
			sourceTree = "<group>";
		};
/* End PBXGroup section */

/* Begin PBXNativeTarget section */
		9850133B21F3DF9B00CC05CB /* Tipped */ = {
			isa = PBXNativeTarget;
			buildConfigurationList = 9850136421F3DFA200CC05CB /* Build configuration list for PBXNativeTarget "Tipped" */;
			buildPhases = (
				9850133821F3DF9B00CC05CB /* Sources */,
				9850133921F3DF9B00CC05CB /* Frameworks */,
				9850133A21F3DF9B00CC05CB /* Resources */,
			);
			buildRules = (
			);
			dependencies = (
			);
			name = Tipped;
			productName = Tipped;
			productReference = 9850133C21F3DF9B00CC05CB /* Tipped.app */;
			productType = "com.apple.product-type.application";
		};
		9850134F21F3DFA200CC05CB /* TippedTests */ = {
			isa = PBXNativeTarget;
			buildConfigurationList = 9850136721F3DFA200CC05CB /* Build configuration list for PBXNativeTarget "TippedTests" */;
			buildPhases = (
				9850134C21F3DFA200CC05CB /* Sources */,
				9850134D21F3DFA200CC05CB /* Frameworks */,
				9850134E21F3DFA200CC05CB /* Resources */,
			);
			buildRules = (
			);
			dependencies = (
				9850135221F3DFA200CC05CB /* PBXTargetDependency */,
			);
			name = TippedTests;
			productName = TippedTests;
			productReference = 9850135021F3DFA200CC05CB /* TippedTests.xctest */;
			productType = "com.apple.product-type.bundle.unit-test";
		};
		9850135A21F3DFA200CC05CB /* TippedUITests */ = {
			isa = PBXNativeTarget;
			buildConfigurationList = 9850136A21F3DFA200CC05CB /* Build configuration list for PBXNativeTarget "TippedUITests" */;
			buildPhases = (
				9850135721F3DFA200CC05CB /* Sources */,
				9850135821F3DFA200CC05CB /* Frameworks */,
				9850135921F3DFA200CC05CB /* Resources */,
			);
			buildRules = (
			);
			dependencies = (
				9850135D21F3DFA200CC05CB /* PBXTargetDependency */,
			);
			name = TippedUITests;
			productName = TippedUITests;
			productReference = 9850135B21F3DFA200CC05CB /* TippedUITests.xctest */;
			productType = "com.apple.product-type.bundle.ui-testing";
		};
/* End PBXNativeTarget section */

/* Begin PBXProject section */
		9850133421F3DF9B00CC05CB /* Project object */ = {
			isa = PBXProject;
			attributes = {
				LastSwiftUpdateCheck = 1010;
				LastUpgradeCheck = 1010;
				ORGANIZATIONNAME = "Jay'son Alburg";
				TargetAttributes = {
					9850133B21F3DF9B00CC05CB = {
						CreatedOnToolsVersion = 10.1;
					};
					9850134F21F3DFA200CC05CB = {
						CreatedOnToolsVersion = 10.1;
						TestTargetID = 9850133B21F3DF9B00CC05CB;
					};
					9850135A21F3DFA200CC05CB = {
						CreatedOnToolsVersion = 10.1;
						TestTargetID = 9850133B21F3DF9B00CC05CB;
					};
				};
			};
			buildConfigurationList = 9850133721F3DF9B00CC05CB /* Build configuration list for PBXProject "Tipped" */;
			compatibilityVersion = "Xcode 9.3";
			developmentRegion = en;
			hasScannedForEncodings = 0;
			knownRegions = (
				en,
				Base,
			);
			mainGroup = 9850133321F3DF9B00CC05CB;
			productRefGroup = 9850133D21F3DF9B00CC05CB /* Products */;
			projectDirPath = "";
			projectRoot = "";
			targets = (
				9850133B21F3DF9B00CC05CB /* Tipped */,
				9850134F21F3DFA200CC05CB /* TippedTests */,
				9850135A21F3DFA200CC05CB /* TippedUITests */,
			);
		};
/* End PBXProject section */

/* Begin PBXResourcesBuildPhase section */
		9850133A21F3DF9B00CC05CB /* Resources */ = {
			isa = PBXResourcesBuildPhase;
			buildActionMask = 2147483647;
			files = (
				9850134A21F3DFA100CC05CB /* LaunchScreen.storyboard in Resources */,
				9850134721F3DFA100CC05CB /* Assets.xcassets in Resources */,
				9850134521F3DF9B00CC05CB /* Main.storyboard in Resources */,
			);
			runOnlyForDeploymentPostprocessing = 0;
		};
		9850134E21F3DFA200CC05CB /* Resources */ = {
			isa = PBXResourcesBuildPhase;
			buildActionMask = 2147483647;
			files = (
			);
			runOnlyForDeploymentPostprocessing = 0;
		};
		9850135921F3DFA200CC05CB /* Resources */ = {
			isa = PBXResourcesBuildPhase;
			buildActionMask = 2147483647;
			files = (
			);
			runOnlyForDeploymentPostprocessing = 0;
		};
/* End PBXResourcesBuildPhase section */

/* Begin PBXSourcesBuildPhase section */
		9850133821F3DF9B00CC05CB /* Sources */ = {
			isa = PBXSourcesBuildPhase;
			buildActionMask = 2147483647;
			files = (
				9850134221F3DF9B00CC05CB /* ViewController.swift in Sources */,
				9850134021F3DF9B00CC05CB /* AppDelegate.swift in Sources */,
			);
			runOnlyForDeploymentPostprocessing = 0;
		};
		9850134C21F3DFA200CC05CB /* Sources */ = {
			isa = PBXSourcesBuildPhase;
			buildActionMask = 2147483647;
			files = (
				9850135521F3DFA200CC05CB /* TippedTests.swift in Sources */,
			);
			runOnlyForDeploymentPostprocessing = 0;
		};
		9850135721F3DFA200CC05CB /* Sources */ = {
			isa = PBXSourcesBuildPhase;
			buildActionMask = 2147483647;
			files = (
				9850136021F3DFA200CC05CB /* TippedUITests.swift in Sources */,
			);
			runOnlyForDeploymentPostprocessing = 0;
		};
/* End PBXSourcesBuildPhase section */

/* Begin PBXTargetDependency section */
		9850135221F3DFA200CC05CB /* PBXTargetDependency */ = {
			isa = PBXTargetDependency;
			target = 9850133B21F3DF9B00CC05CB /* Tipped */;
			targetProxy = 9850135121F3DFA200CC05CB /* PBXContainerItemProxy */;
		};
		9850135D21F3DFA200CC05CB /* PBXTargetDependency */ = {
			isa = PBXTargetDependency;
			target = 9850133B21F3DF9B00CC05CB /* Tipped */;
			targetProxy = 9850135C21F3DFA200CC05CB /* PBXContainerItemProxy */;
		};
/* End PBXTargetDependency section */

/* Begin PBXVariantGroup section */
		9850134321F3DF9B00CC05CB /* Main.storyboard */ = {
			isa = PBXVariantGroup;
			children = (
				9850134421F3DF9B00CC05CB /* Base */,
			);
			name = Main.storyboard;
			sourceTree = "<group>";
		};
		9850134821F3DFA100CC05CB /* LaunchScreen.storyboard */ = {
			isa = PBXVariantGroup;
			children = (
				9850134921F3DFA100CC05CB /* Base */,
			);
			name = LaunchScreen.storyboard;
			sourceTree = "<group>";
		};
/* End PBXVariantGroup section */

/* Begin XCBuildConfiguration section */
		9850136221F3DFA200CC05CB /* Debug */ = {
			isa = XCBuildConfiguration;
			buildSettings = {
				ALWAYS_SEARCH_USER_PATHS = NO;
				CLANG_ANALYZER_NONNULL = YES;
				CLANG_ANALYZER_NUMBER_OBJECT_CONVERSION = YES_AGGRESSIVE;
				CLANG_CXX_LANGUAGE_STANDARD = "gnu++14";
				CLANG_CXX_LIBRARY = "libc++";
				CLANG_ENABLE_MODULES = YES;
				CLANG_ENABLE_OBJC_ARC = YES;
				CLANG_ENABLE_OBJC_WEAK = YES;
				CLANG_WARN_BLOCK_CAPTURE_AUTORELEASING = YES;
				CLANG_WARN_BOOL_CONVERSION = YES;
				CLANG_WARN_COMMA = YES;
				CLANG_WARN_CONSTANT_CONVERSION = YES;
				CLANG_WARN_DEPRECATED_OBJC_IMPLEMENTATIONS = YES;
				CLANG_WARN_DIRECT_OBJC_ISA_USAGE = YES_ERROR;
				CLANG_WARN_DOCUMENTATION_COMMENTS = YES;
				CLANG_WARN_EMPTY_BODY = YES;
				CLANG_WARN_ENUM_CONVERSION = YES;
				CLANG_WARN_INFINITE_RECURSION = YES;
				CLANG_WARN_INT_CONVERSION = YES;
				CLANG_WARN_NON_LITERAL_NULL_CONVERSION = YES;
				CLANG_WARN_OBJC_IMPLICIT_RETAIN_SELF = YES;
				CLANG_WARN_OBJC_LITERAL_CONVERSION = YES;
				CLANG_WARN_OBJC_ROOT_CLASS = YES_ERROR;
				CLANG_WARN_RANGE_LOOP_ANALYSIS = YES;
				CLANG_WARN_STRICT_PROTOTYPES = YES;
				CLANG_WARN_SUSPICIOUS_MOVE = YES;
				CLANG_WARN_UNGUARDED_AVAILABILITY = YES_AGGRESSIVE;
				CLANG_WARN_UNREACHABLE_CODE = YES;
				CLANG_WARN__DUPLICATE_METHOD_MATCH = YES;
				CODE_SIGN_IDENTITY = "iPhone Developer";
				COPY_PHASE_STRIP = NO;
				DEBUG_INFORMATION_FORMAT = dwarf;
				ENABLE_STRICT_OBJC_MSGSEND = YES;
				ENABLE_TESTABILITY = YES;
				GCC_C_LANGUAGE_STANDARD = gnu11;
				GCC_DYNAMIC_NO_PIC = NO;
				GCC_NO_COMMON_BLOCKS = YES;
				GCC_OPTIMIZATION_LEVEL = 0;
				GCC_PREPROCESSOR_DEFINITIONS = (
					"DEBUG=1",
					"$(inherited)",
				);
				GCC_WARN_64_TO_32_BIT_CONVERSION = YES;
				GCC_WARN_ABOUT_RETURN_TYPE = YES_ERROR;
				GCC_WARN_UNDECLARED_SELECTOR = YES;
				GCC_WARN_UNINITIALIZED_AUTOS = YES_AGGRESSIVE;
				GCC_WARN_UNUSED_FUNCTION = YES;
				GCC_WARN_UNUSED_VARIABLE = YES;
				IPHONEOS_DEPLOYMENT_TARGET = 12.1;
				MTL_ENABLE_DEBUG_INFO = INCLUDE_SOURCE;
				MTL_FAST_MATH = YES;
				ONLY_ACTIVE_ARCH = YES;
				SDKROOT = iphoneos;
				SWIFT_ACTIVE_COMPILATION_CONDITIONS = DEBUG;
				SWIFT_OPTIMIZATION_LEVEL = "-Onone";
			};
			name = Debug;
		};
		9850136321F3DFA200CC05CB /* Release */ = {
			isa = XCBuildConfiguration;
			buildSettings = {
				ALWAYS_SEARCH_USER_PATHS = NO;
				CLANG_ANALYZER_NONNULL = YES;
				CLANG_ANALYZER_NUMBER_OBJECT_CONVERSION = YES_AGGRESSIVE;
				CLANG_CXX_LANGUAGE_STANDARD = "gnu++14";
				CLANG_CXX_LIBRARY = "libc++";
				CLANG_ENABLE_MODULES = YES;
				CLANG_ENABLE_OBJC_ARC = YES;
				CLANG_ENABLE_OBJC_WEAK = YES;
				CLANG_WARN_BLOCK_CAPTURE_AUTORELEASING = YES;
				CLANG_WARN_BOOL_CONVERSION = YES;
				CLANG_WARN_COMMA = YES;
				CLANG_WARN_CONSTANT_CONVERSION = YES;
				CLANG_WARN_DEPRECATED_OBJC_IMPLEMENTATIONS = YES;
				CLANG_WARN_DIRECT_OBJC_ISA_USAGE = YES_ERROR;
				CLANG_WARN_DOCUMENTATION_COMMENTS = YES;
				CLANG_WARN_EMPTY_BODY = YES;
				CLANG_WARN_ENUM_CONVERSION = YES;
				CLANG_WARN_INFINITE_RECURSION = YES;
				CLANG_WARN_INT_CONVERSION = YES;
				CLANG_WARN_NON_LITERAL_NULL_CONVERSION = YES;
				CLANG_WARN_OBJC_IMPLICIT_RETAIN_SELF = YES;
				CLANG_WARN_OBJC_LITERAL_CONVERSION = YES;
				CLANG_WARN_OBJC_ROOT_CLASS = YES_ERROR;
				CLANG_WARN_RANGE_LOOP_ANALYSIS = YES;
				CLANG_WARN_STRICT_PROTOTYPES = YES;
				CLANG_WARN_SUSPICIOUS_MOVE = YES;
				CLANG_WARN_UNGUARDED_AVAILABILITY = YES_AGGRESSIVE;
				CLANG_WARN_UNREACHABLE_CODE = YES;
				CLANG_WARN__DUPLICATE_METHOD_MATCH = YES;
				CODE_SIGN_IDENTITY = "iPhone Developer";
				COPY_PHASE_STRIP = NO;
				DEBUG_INFORMATION_FORMAT = "dwarf-with-dsym";
				ENABLE_NS_ASSERTIONS = NO;
				ENABLE_STRICT_OBJC_MSGSEND = YES;
				GCC_C_LANGUAGE_STANDARD = gnu11;
				GCC_NO_COMMON_BLOCKS = YES;
				GCC_WARN_64_TO_32_BIT_CONVERSION = YES;
				GCC_WARN_ABOUT_RETURN_TYPE = YES_ERROR;
				GCC_WARN_UNDECLARED_SELECTOR = YES;
				GCC_WARN_UNINITIALIZED_AUTOS = YES_AGGRESSIVE;
				GCC_WARN_UNUSED_FUNCTION = YES;
				GCC_WARN_UNUSED_VARIABLE = YES;
				IPHONEOS_DEPLOYMENT_TARGET = 12.1;
				MTL_ENABLE_DEBUG_INFO = NO;
				MTL_FAST_MATH = YES;
				SDKROOT = iphoneos;
				SWIFT_COMPILATION_MODE = wholemodule;
				SWIFT_OPTIMIZATION_LEVEL = "-O";
				VALIDATE_PRODUCT = YES;
			};
			name = Release;
		};
		9850136521F3DFA200CC05CB /* Debug */ = {
			isa = XCBuildConfiguration;
			buildSettings = {
				ASSETCATALOG_COMPILER_APPICON_NAME = AppIcon;
				CODE_SIGN_STYLE = Automatic;
				INFOPLIST_FILE = Tipped/Info.plist;
				LD_RUNPATH_SEARCH_PATHS = (
					"$(inherited)",
					"@executable_path/Frameworks",
				);
				PRODUCT_BUNDLE_IDENTIFIER = MidProgram.Tipped;
				PRODUCT_NAME = "$(TARGET_NAME)";
				SWIFT_VERSION = 4.2;
				TARGETED_DEVICE_FAMILY = "1,2";
			};
			name = Debug;
		};
		9850136621F3DFA200CC05CB /* Release */ = {
			isa = XCBuildConfiguration;
			buildSettings = {
				ASSETCATALOG_COMPILER_APPICON_NAME = AppIcon;
				CODE_SIGN_STYLE = Automatic;
				INFOPLIST_FILE = Tipped/Info.plist;
				LD_RUNPATH_SEARCH_PATHS = (
					"$(inherited)",
					"@executable_path/Frameworks",
				);
				PRODUCT_BUNDLE_IDENTIFIER = MidProgram.Tipped;
				PRODUCT_NAME = "$(TARGET_NAME)";
				SWIFT_VERSION = 4.2;
				TARGETED_DEVICE_FAMILY = "1,2";
			};
			name = Release;
		};
		9850136821F3DFA200CC05CB /* Debug */ = {
			isa = XCBuildConfiguration;
			buildSettings = {
				ALWAYS_EMBED_SWIFT_STANDARD_LIBRARIES = YES;
				BUNDLE_LOADER = "$(TEST_HOST)";
				CODE_SIGN_STYLE = Automatic;
				INFOPLIST_FILE = TippedTests/Info.plist;
				LD_RUNPATH_SEARCH_PATHS = (
					"$(inherited)",
					"@executable_path/Frameworks",
					"@loader_path/Frameworks",
				);
				PRODUCT_BUNDLE_IDENTIFIER = MidProgram.TippedTests;
				PRODUCT_NAME = "$(TARGET_NAME)";
				SWIFT_VERSION = 4.2;
				TARGETED_DEVICE_FAMILY = "1,2";
				TEST_HOST = "$(BUILT_PRODUCTS_DIR)/Tipped.app/Tipped";
			};
			name = Debug;
		};
		9850136921F3DFA200CC05CB /* Release */ = {
			isa = XCBuildConfiguration;
			buildSettings = {
				ALWAYS_EMBED_SWIFT_STANDARD_LIBRARIES = YES;
				BUNDLE_LOADER = "$(TEST_HOST)";
				CODE_SIGN_STYLE = Automatic;
				INFOPLIST_FILE = TippedTests/Info.plist;
				LD_RUNPATH_SEARCH_PATHS = (
					"$(inherited)",
					"@executable_path/Frameworks",
					"@loader_path/Frameworks",
				);
				PRODUCT_BUNDLE_IDENTIFIER = MidProgram.TippedTests;
				PRODUCT_NAME = "$(TARGET_NAME)";
				SWIFT_VERSION = 4.2;
				TARGETED_DEVICE_FAMILY = "1,2";
				TEST_HOST = "$(BUILT_PRODUCTS_DIR)/Tipped.app/Tipped";
			};
			name = Release;
		};
		9850136B21F3DFA200CC05CB /* Debug */ = {
			isa = XCBuildConfiguration;
			buildSettings = {
				ALWAYS_EMBED_SWIFT_STANDARD_LIBRARIES = YES;
				CODE_SIGN_STYLE = Automatic;
				INFOPLIST_FILE = TippedUITests/Info.plist;
				LD_RUNPATH_SEARCH_PATHS = (
					"$(inherited)",
					"@executable_path/Frameworks",
					"@loader_path/Frameworks",
				);
				PRODUCT_BUNDLE_IDENTIFIER = MidProgram.TippedUITests;
				PRODUCT_NAME = "$(TARGET_NAME)";
				SWIFT_VERSION = 4.2;
				TARGETED_DEVICE_FAMILY = "1,2";
				TEST_TARGET_NAME = Tipped;
			};
			name = Debug;
		};
		9850136C21F3DFA200CC05CB /* Release */ = {
			isa = XCBuildConfiguration;
			buildSettings = {
				ALWAYS_EMBED_SWIFT_STANDARD_LIBRARIES = YES;
				CODE_SIGN_STYLE = Automatic;
				INFOPLIST_FILE = TippedUITests/Info.plist;
				LD_RUNPATH_SEARCH_PATHS = (
					"$(inherited)",
					"@executable_path/Frameworks",
					"@loader_path/Frameworks",
				);
				PRODUCT_BUNDLE_IDENTIFIER = MidProgram.TippedUITests;
				PRODUCT_NAME = "$(TARGET_NAME)";
				SWIFT_VERSION = 4.2;
				TARGETED_DEVICE_FAMILY = "1,2";
				TEST_TARGET_NAME = Tipped;
			};
			name = Release;
		};
/* End XCBuildConfiguration section */

/* Begin XCConfigurationList section */
		9850133721F3DF9B00CC05CB /* Build configuration list for PBXProject "Tipped" */ = {
			isa = XCConfigurationList;
			buildConfigurations = (
				9850136221F3DFA200CC05CB /* Debug */,
				9850136321F3DFA200CC05CB /* Release */,
			);
			defaultConfigurationIsVisible = 0;
			defaultConfigurationName = Release;
		};
		9850136421F3DFA200CC05CB /* Build configuration list for PBXNativeTarget "Tipped" */ = {
			isa = XCConfigurationList;
			buildConfigurations = (
				9850136521F3DFA200CC05CB /* Debug */,
				9850136621F3DFA200CC05CB /* Release */,
			);
			defaultConfigurationIsVisible = 0;
			defaultConfigurationName = Release;
		};
		9850136721F3DFA200CC05CB /* Build configuration list for PBXNativeTarget "TippedTests" */ = {
			isa = XCConfigurationList;
			buildConfigurations = (
				9850136821F3DFA200CC05CB /* Debug */,
				9850136921F3DFA200CC05CB /* Release */,
			);
			defaultConfigurationIsVisible = 0;
			defaultConfigurationName = Release;
		};
		9850136A21F3DFA200CC05CB /* Build configuration list for PBXNativeTarget "TippedUITests" */ = {
			isa = XCConfigurationList;
			buildConfigurations = (
				9850136B21F3DFA200CC05CB /* Debug */,
				9850136C21F3DFA200CC05CB /* Release */,
			);
			defaultConfigurationIsVisible = 0;
			defaultConfigurationName = Release;
		};
/* End XCConfigurationList section */
	};
	rootObject = 9850133421F3DF9B00CC05CB /* Project object */;
}
